PODS:
  - Flutter (1.0.0)
  - soundpool (0.0.1):
    - Flutter

DEPENDENCIES:
  - Flutter (from `.symlinks/flutter/ios`)
  - soundpool (from `.symlinks/plugins/soundpool/ios`)

EXTERNAL SOURCES:
  Flutter:
    :path: ".symlinks/flutter/ios"
  soundpool:
    :path: ".symlinks/plugins/soundpool/ios"

SPEC CHECKSUMS:
  Flutter: 0e3d915762c693b495b44d77113d4970485de6ec
  soundpool: 2297d28eb1ed846db0343b4a363936e3f88e968f

PODFILE CHECKSUM: cbc592c76da838e6d07ee8df6ed05cb3a405d0b3

COCOAPODS: 1.6.1
